
Microsoft Visual Studio Solution File, Format Version 10.00
# Visual Studio 2008
Project("{8BC9CEB8-8B4A-11D0-8D11-00A0C91BC942}") = "waldos", "waldos.vcproj", "{961B8743-FD91-4803-AC67-A629207B6F9E}"
EndProject
Global
	GlobalSection(SolutionConfigurationPlatforms) = preSolution
		Debug|Win32 = Debug|Win32
		Release|Win32 = Release|Win32
	EndGlobalSection
	GlobalSection(ProjectConfigurationPlatforms) = postSolution
		{961B8743-FD91-4803-AC67-A629207B6F9E}.Debug|Win32.ActiveCfg = Debug|Win32
		{961B8743-FD91-4803-AC67-A629207B6F9E}.Debug|Win32.Build.0 = Debug|Win32
		{961B8743-FD91-4803-AC67-A629207B6F9E}.Release|Win32.ActiveCfg = Release|Win32
		{961B8743-FD91-4803-AC67-A629207B6F9E}.Release|Win32.Build.0 = Release|Win32
	EndGlobalSection
	GlobalSection(SolutionProperties) = preSolution
		HideSolutionNode = FALSE
	EndGlobalSection
EndGlobal
